// !$*UTF8*$!
{
	archiveVersion = 1;
	classes = {
	};
	objectVersion = 46;
	objects = {

/* Begin PBXBuildFile section */
		68B5F8781AA1A7A300DF621E /* Foundation.framework in Frameworks */ = {isa = PBXBuildFile; fileRef = 68B5F8771AA1A7A300DF621E /* Foundation.framework */; };
		68B5F87A1AA1A7A300DF621E /* CoreGraphics.framework in Frameworks */ = {isa = PBXBuildFile; fileRef = 68B5F8791AA1A7A300DF621E /* CoreGraphics.framework */; };
		68B5F87C1AA1A7A300DF621E /* UIKit.framework in Frameworks */ = {isa = PBXBuildFile; fileRef = 68B5F87B1AA1A7A300DF621E /* UIKit.framework */; };
		68B5F8821AA1A7A300DF621E /* InfoPlist.strings in Resources */ = {isa = PBXBuildFile; fileRef = 68B5F8801AA1A7A300DF621E /* InfoPlist.strings */; };
		68B5F8841AA1A7A300DF621E /* main.m in Sources */ = {isa = PBXBuildFile; fileRef = 68B5F8831AA1A7A300DF621E /* main.m */; };
		68B5F8881AA1A7A300DF621E /* AppDelegate.m in Sources */ = {isa = PBXBuildFile; fileRef = 68B5F8871AA1A7A300DF621E /* AppDelegate.m */; };
		68B5F88B1AA1A7A300DF621E /* Main_iPhone.storyboard in Resources */ = {isa = PBXBuildFile; fileRef = 68B5F8891AA1A7A300DF621E /* Main_iPhone.storyboard */; };
		68B5F88E1AA1A7A300DF621E /* Main_iPad.storyboard in Resources */ = {isa = PBXBuildFile; fileRef = 68B5F88C1AA1A7A300DF621E /* Main_iPad.storyboard */; };
		68B5F8911AA1A7A300DF621E /* ViewController.m in Sources */ = {isa = PBXBuildFile; fileRef = 68B5F8901AA1A7A300DF621E /* ViewController.m */; };
		68B5F8931AA1A7A300DF621E /* Images.xcassets in Resources */ = {isa = PBXBuildFile; fileRef = 68B5F8921AA1A7A300DF621E /* Images.xcassets */; };
		68B5F89A1AA1A7A300DF621E /* XCTest.framework in Frameworks */ = {isa = PBXBuildFile; fileRef = 68B5F8991AA1A7A300DF621E /* XCTest.framework */; };
		68B5F89B1AA1A7A300DF621E /* Foundation.framework in Frameworks */ = {isa = PBXBuildFile; fileRef = 68B5F8771AA1A7A300DF621E /* Foundation.framework */; };
		68B5F89C1AA1A7A300DF621E /* UIKit.framework in Frameworks */ = {isa = PBXBuildFile; fileRef = 68B5F87B1AA1A7A300DF621E /* UIKit.framework */; };
		68B5F8A41AA1A7A300DF621E /* InfoPlist.strings in Resources */ = {isa = PBXBuildFile; fileRef = 68B5F8A21AA1A7A300DF621E /* InfoPlist.strings */; };
		68B5F8A61AA1A7A300DF621E /* anishTests.m in Sources */ = {isa = PBXBuildFile; fileRef = 68B5F8A51AA1A7A300DF621E /* anishTests.m */; };
/* End PBXBuildFile section */

/* Begin PBXContainerItemProxy section */
		68B5F89D1AA1A7A300DF621E /* PBXContainerItemProxy */ = {
			isa = PBXContainerItemProxy;
			containerPortal = 68B5F86C1AA1A7A300DF621E /* Project object */;
			proxyType = 1;
			remoteGlobalIDString = 68B5F8731AA1A7A300DF621E;
			remoteInfo = anish;
		};
/* End PBXContainerItemProxy section */

/* Begin PBXFileReference section */
		68B5F8741AA1A7A300DF621E /* anish.app */ = {isa = PBXFileReference; explicitFileType = wrapper.application; includeInIndex = 0; path = anish.app; sourceTree = BUILT_PRODUCTS_DIR; };
		68B5F8771AA1A7A300DF621E /* Foundation.framework */ = {isa = PBXFileReference; lastKnownFileType = wrapper.framework; name = Foundation.framework; path = System/Library/Frameworks/Foundation.framework; sourceTree = SDKROOT; };
		68B5F8791AA1A7A300DF621E /* CoreGraphics.framework */ = {isa = PBXFileReference; lastKnownFileType = wrapper.framework; name = CoreGraphics.framework; path = System/Library/Frameworks/CoreGraphics.framework; sourceTree = SDKROOT; };
		68B5F87B1AA1A7A300DF621E /* UIKit.framework */ = {isa = PBXFileReference; lastKnownFileType = wrapper.framework; name = UIKit.framework; path = System/Library/Frameworks/UIKit.framework; sourceTree = SDKROOT; };
		68B5F87F1AA1A7A300DF621E /* anish-Info.plist */ = {isa = PBXFileReference; lastKnownFileType = text.plist.xml; path = "anish-Info.plist"; sourceTree = "<group>"; };
		68B5F8811AA1A7A300DF621E /* en */ = {isa = PBXFileReference; lastKnownFileType = text.plist.strings; name = en; path = en.lproj/InfoPlist.strings; sourceTree = "<group>"; };
		68B5F8831AA1A7A300DF621E /* main.m */ = {isa = PBXFileReference; lastKnownFileType = sourcecode.c.objc; path = main.m; sourceTree = "<group>"; };
		68B5F8851AA1A7A300DF621E /* anish-Prefix.pch */ = {isa = PBXFileReference; lastKnownFileType = sourcecode.c.h; path = "anish-Prefix.pch"; sourceTree = "<group>"; };
		68B5F8861AA1A7A300DF621E /* AppDelegate.h */ = {isa = PBXFileReference; lastKnownFileType = sourcecode.c.h; path = AppDelegate.h; sourceTree = "<group>"; };
		68B5F8871AA1A7A300DF621E /* AppDelegate.m */ = {isa = PBXFileReference; lastKnownFileType = sourcecode.c.objc; path = AppDelegate.m; sourceTree = "<group>"; };
		68B5F88A1AA1A7A300DF621E /* Base */ = {isa = PBXFileReference; lastKnownFileType = file.storyboard; name = Base; path = Base.lproj/Main_iPhone.storyboard; sourceTree = "<group>"; };
		68B5F88D1AA1A7A300DF621E /* Base */ = {isa = PBXFileReference; lastKnownFileType = file.storyboard; name = Base; path = Base.lproj/Main_iPad.storyboard; sourceTree = "<group>"; };
		68B5F88F1AA1A7A300DF621E /* ViewController.h */ = {isa = PBXFileReference; lastKnownFileType = sourcecode.c.h; path = ViewController.h; sourceTree = "<group>"; };
		68B5F8901AA1A7A300DF621E /* ViewController.m */ = {isa = PBXFileReference; lastKnownFileType = sourcecode.c.objc; path = ViewController.m; sourceTree = "<group>"; };
		68B5F8921AA1A7A300DF621E /* Images.xcassets */ = {isa = PBXFileReference; lastKnownFileType = folder.assetcatalog; path = Images.xcassets; sourceTree = "<group>"; };
		68B5F8981AA1A7A300DF621E /* anishTests.xctest */ = {isa = PBXFileReference; explicitFileType = wrapper.cfbundle; includeInIndex = 0; path = anishTests.xctest; sourceTree = BUILT_PRODUCTS_DIR; };
		68B5F8991AA1A7A300DF621E /* XCTest.framework */ = {isa = PBXFileReference; lastKnownFileType = wrapper.framework; name = XCTest.framework; path = Library/Frameworks/XCTest.framework; sourceTree = DEVELOPER_DIR; };
		68B5F8A11AA1A7A300DF621E /* anishTests-Info.plist */ = {isa = PBXFileReference; lastKnownFileType = text.plist.xml; path = "anishTests-Info.plist"; sourceTree = "<group>"; };
		68B5F8A31AA1A7A300DF621E /* en */ = {isa = PBXFileReference; lastKnownFileType = text.plist.strings; name = en; path = en.lproj/InfoPlist.strings; sourceTree = "<group>"; };
		68B5F8A51AA1A7A300DF621E /* anishTests.m */ = {isa = PBXFileReference; lastKnownFileType = sourcecode.c.objc; path = anishTests.m; sourceTree = "<group>"; };
/* End PBXFileReference section */

/* Begin PBXFrameworksBuildPhase section */
		68B5F8711AA1A7A300DF621E /* Frameworks */ = {
			isa = PBXFrameworksBuildPhase;
			buildActionMask = 2147483647;
			files = (
				68B5F87A1AA1A7A300DF621E /* CoreGraphics.framework in Frameworks */,
				68B5F87C1AA1A7A300DF621E /* UIKit.framework in Frameworks */,
				68B5F8781AA1A7A300DF621E /* Foundation.framework in Frameworks */,
			);
			runOnlyForDeploymentPostprocessing = 0;
		};
		68B5F8951AA1A7A300DF621E /* Frameworks */ = {
			isa = PBXFrameworksBuildPhase;
			buildActionMask = 2147483647;
			files = (
				68B5F89A1AA1A7A300DF621E /* XCTest.framework in Frameworks */,
				68B5F89C1AA1A7A300DF621E /* UIKit.framework in Frameworks */,
				68B5F89B1AA1A7A300DF621E /* Foundation.framework in Frameworks */,
			);
			runOnlyForDeploymentPostprocessing = 0;
		};
/* End PBXFrameworksBuildPhase section */

/* Begin PBXGroup section */
		68B5F86B1AA1A7A300DF621E = {
			isa = PBXGroup;
			children = (
				68B5F87D1AA1A7A300DF621E /* anish */,
				68B5F89F1AA1A7A300DF621E /* anishTests */,
				68B5F8761AA1A7A300DF621E /* Frameworks */,
				68B5F8751AA1A7A300DF621E /* Products */,
			);
			sourceTree = "<group>";
		};
		68B5F8751AA1A7A300DF621E /* Products */ = {
			isa = PBXGroup;
			children = (
				68B5F8741AA1A7A300DF621E /* anish.app */,
				68B5F8981AA1A7A300DF621E /* anishTests.xctest */,
			);
			name = Products;
			sourceTree = "<group>";
		};
		68B5F8761AA1A7A300DF621E /* Frameworks */ = {
			isa = PBXGroup;
			children = (
				68B5F8771AA1A7A300DF621E /* Foundation.framework */,
				68B5F8791AA1A7A300DF621E /* CoreGraphics.framework */,
				68B5F87B1AA1A7A300DF621E /* UIKit.framework */,
				68B5F8991AA1A7A300DF621E /* XCTest.framework */,
			);
			name = Frameworks;
			sourceTree = "<group>";
		};
		68B5F87D1AA1A7A300DF621E /* anish */ = {
			isa = PBXGroup;
			children = (
				68B5F8861AA1A7A300DF621E /* AppDelegate.h */,
				68B5F8871AA1A7A300DF621E /* AppDelegate.m */,
				68B5F8891AA1A7A300DF621E /* Main_iPhone.storyboard */,
				68B5F88C1AA1A7A300DF621E /* Main_iPad.storyboard */,
				68B5F88F1AA1A7A300DF621E /* ViewController.h */,
				68B5F8901AA1A7A300DF621E /* ViewController.m */,
				68B5F8921AA1A7A300DF621E /* Images.xcassets */,
				68B5F87E1AA1A7A300DF621E /* Supporting Files */,
			);
			path = anish;
			sourceTree = "<group>";
		};
		68B5F87E1AA1A7A300DF621E /* Supporting Files */ = {
			isa = PBXGroup;
			children = (
				68B5F87F1AA1A7A300DF621E /* anish-Info.plist */,
				68B5F8801AA1A7A300DF621E /* InfoPlist.strings */,
				68B5F8831AA1A7A300DF621E /* main.m */,
				68B5F8851AA1A7A300DF621E /* anish-Prefix.pch */,
			);
			name = "Supporting Files";
			sourceTree = "<group>";
		};
		68B5F89F1AA1A7A300DF621E /* anishTests */ = {
			isa = PBXGroup;
			children = (
				68B5F8A51AA1A7A300DF621E /* anishTests.m */,
				68B5F8A01AA1A7A300DF621E /* Supporting Files */,
			);
			path = anishTests;
			sourceTree = "<group>";
		};
		68B5F8A01AA1A7A300DF621E /* Supporting Files */ = {
			isa = PBXGroup;
			children = (
				68B5F8A11AA1A7A300DF621E /* anishTests-Info.plist */,
				68B5F8A21AA1A7A300DF621E /* InfoPlist.strings */,
			);
			name = "Supporting Files";
			sourceTree = "<group>";
		};
/* End PBXGroup section */

/* Begin PBXNativeTarget section */
		68B5F8731AA1A7A300DF621E /* anish */ = {
			isa = PBXNativeTarget;
			buildConfigurationList = 68B5F8A91AA1A7A300DF621E /* Build configuration list for PBXNativeTarget "anish" */;
			buildPhases = (
				68B5F8701AA1A7A300DF621E /* Sources */,
				68B5F8711AA1A7A300DF621E /* Frameworks */,
				68B5F8721AA1A7A300DF621E /* Resources */,
			);
			buildRules = (
			);
			dependencies = (
			);
			name = anish;
			productName = anish;
			productReference = 68B5F8741AA1A7A300DF621E /* anish.app */;
			productType = "com.apple.product-type.application";
		};
		68B5F8971AA1A7A300DF621E /* anishTests */ = {
			isa = PBXNativeTarget;
			buildConfigurationList = 68B5F8AC1AA1A7A300DF621E /* Build configuration list for PBXNativeTarget "anishTests" */;
			buildPhases = (
				68B5F8941AA1A7A300DF621E /* Sources */,
				68B5F8951AA1A7A300DF621E /* Frameworks */,
				68B5F8961AA1A7A300DF621E /* Resources */,
			);
			buildRules = (
			);
			dependencies = (
				68B5F89E1AA1A7A300DF621E /* PBXTargetDependency */,
			);
			name = anishTests;
			productName = anishTests;
			productReference = 68B5F8981AA1A7A300DF621E /* anishTests.xctest */;
			productType = "com.apple.product-type.bundle.unit-test";
		};
/* End PBXNativeTarget section */

/* Begin PBXProject section */
		68B5F86C1AA1A7A300DF621E /* Project object */ = {
			isa = PBXProject;
			attributes = {
				LastUpgradeCheck = 0510;
				ORGANIZATIONNAME = anishrsthapit;
				TargetAttributes = {
					68B5F8971AA1A7A300DF621E = {
						TestTargetID = 68B5F8731AA1A7A300DF621E;
					};
				};
			};
			buildConfigurationList = 68B5F86F1AA1A7A300DF621E /* Build configuration list for PBXProject "anish" */;
			compatibilityVersion = "Xcode 3.2";
			developmentRegion = English;
			hasScannedForEncodings = 0;
			knownRegions = (
				en,
				Base,
			);
			mainGroup = 68B5F86B1AA1A7A300DF621E;
			productRefGroup = 68B5F8751AA1A7A300DF621E /* Products */;
			projectDirPath = "";
			projectRoot = "";
			targets = (
				68B5F8731AA1A7A300DF621E /* anish */,
				68B5F8971AA1A7A300DF621E /* anishTests */,
			);
		};
/* End PBXProject section */

/* Begin PBXResourcesBuildPhase section */
		68B5F8721AA1A7A300DF621E /* Resources */ = {
			isa = PBXResourcesBuildPhase;
			buildActionMask = 2147483647;
			files = (
				68B5F88E1AA1A7A300DF621E /* Main_iPad.storyboard in Resources */,
				68B5F8931AA1A7A300DF621E /* Images.xcassets in Resources */,
				68B5F88B1AA1A7A300DF621E /* Main_iPhone.storyboard in Resources */,
				68B5F8821AA1A7A300DF621E /* InfoPlist.strings in Resources */,
			);
			runOnlyForDeploymentPostprocessing = 0;
		};
		68B5F8961AA1A7A300DF621E /* Resources */ = {
			isa = PBXResourcesBuildPhase;
			buildActionMask = 2147483647;
			files = (
				68B5F8A41AA1A7A300DF621E /* InfoPlist.strings in Resources */,
			);
			runOnlyForDeploymentPostprocessing = 0;
		};
/* End PBXResourcesBuildPhase section */

/* Begin PBXSourcesBuildPhase section */
		68B5F8701AA1A7A300DF621E /* Sources */ = {
			isa = PBXSourcesBuildPhase;
			buildActionMask = 2147483647;
			files = (
				68B5F8911AA1A7A300DF621E /* ViewController.m in Sources */,
				68B5F8881AA1A7A300DF621E /* AppDelegate.m in Sources */,
				68B5F8841AA1A7A300DF621E /* main.m in Sources */,
			);
			runOnlyForDeploymentPostprocessing = 0;
		};
		68B5F8941AA1A7A300DF621E /* Sources */ = {
			isa = PBXSourcesBuildPhase;
			buildActionMask = 2147483647;
			files = (
				68B5F8A61AA1A7A300DF621E /* anishTests.m in Sources */,
			);
			runOnlyForDeploymentPostprocessing = 0;
		};
/* End PBXSourcesBuildPhase section */

/* Begin PBXTargetDependency section */
		68B5F89E1AA1A7A300DF621E /* PBXTargetDependency */ = {
			isa = PBXTargetDependency;
			target = 68B5F8731AA1A7A300DF621E /* anish */;
			targetProxy = 68B5F89D1AA1A7A300DF621E /* PBXContainerItemProxy */;
		};
/* End PBXTargetDependency section */

/* Begin PBXVariantGroup section */
		68B5F8801AA1A7A300DF621E /* InfoPlist.strings */ = {
			isa = PBXVariantGroup;
			children = (
				68B5F8811AA1A7A300DF621E /* en */,
			);
			name = InfoPlist.strings;
			sourceTree = "<group>";
		};
		68B5F8891AA1A7A300DF621E /* Main_iPhone.storyboard */ = {
			isa = PBXVariantGroup;
			children = (
				68B5F88A1AA1A7A300DF621E /* Base */,
			);
			name = Main_iPhone.storyboard;
			sourceTree = "<group>";
		};
		68B5F88C1AA1A7A300DF621E /* Main_iPad.storyboard */ = {
			isa = PBXVariantGroup;
			children = (
				68B5F88D1AA1A7A300DF621E /* Base */,
			);
			name = Main_iPad.storyboard;
			sourceTree = "<group>";
		};
		68B5F8A21AA1A7A300DF621E /* InfoPlist.strings */ = {
			isa = PBXVariantGroup;
			children = (
				68B5F8A31AA1A7A300DF621E /* en */,
			);
			name = InfoPlist.strings;
			sourceTree = "<group>";
		};
/* End PBXVariantGroup section */

/* Begin XCBuildConfiguration section */
		68B5F8A71AA1A7A300DF621E /* Debug */ = {
			isa = XCBuildConfiguration;
			buildSettings = {
				ALWAYS_SEARCH_USER_PATHS = NO;
				CLANG_CXX_LANGUAGE_STANDARD = "gnu++0x";
				CLANG_CXX_LIBRARY = "libc++";
				CLANG_ENABLE_MODULES = YES;
				CLANG_ENABLE_OBJC_ARC = YES;
				CLANG_WARN_BOOL_CONVERSION = YES;
				CLANG_WARN_CONSTANT_CONVERSION = YES;
				CLANG_WARN_DIRECT_OBJC_ISA_USAGE = YES_ERROR;
				CLANG_WARN_EMPTY_BODY = YES;
				CLANG_WARN_ENUM_CONVERSION = YES;
				CLANG_WARN_INT_CONVERSION = YES;
				CLANG_WARN_OBJC_ROOT_CLASS = YES_ERROR;
				CLANG_WARN__DUPLICATE_METHOD_MATCH = YES;
				"CODE_SIGN_IDENTITY[sdk=iphoneos*]" = "iPhone Developer";
				COPY_PHASE_STRIP = NO;
				GCC_C_LANGUAGE_STANDARD = gnu99;
				GCC_DYNAMIC_NO_PIC = NO;
				GCC_OPTIMIZATION_LEVEL = 0;
				GCC_PREPROCESSOR_DEFINITIONS = (
					"DEBUG=1",
					"$(inherited)",
				);
				GCC_SYMBOLS_PRIVATE_EXTERN = NO;
				GCC_WARN_64_TO_32_BIT_CONVERSION = YES;
				GCC_WARN_ABOUT_RETURN_TYPE = YES_ERROR;
				GCC_WARN_UNDECLARED_SELECTOR = YES;
				GCC_WARN_UNINITIALIZED_AUTOS = YES_AGGRESSIVE;
				GCC_WARN_UNUSED_FUNCTION = YES;
				GCC_WARN_UNUSED_VARIABLE = YES;
				IPHONEOS_DEPLOYMENT_TARGET = 7.1;
				ONLY_ACTIVE_ARCH = YES;
				SDKROOT = iphoneos;
				TARGETED_DEVICE_FAMILY = "1,2";
			};
			name = Debug;
		};
		68B5F8A81AA1A7A300DF621E /* Release */ = {
			isa = XCBuildConfiguration;
			buildSettings = {
				ALWAYS_SEARCH_USER_PATHS = NO;
				CLANG_CXX_LANGUAGE_STANDARD = "gnu++0x";
				CLANG_CXX_LIBRARY = "libc++";
				CLANG_ENABLE_MODULES = YES;
				CLANG_ENABLE_OBJC_ARC = YES;
				CLANG_WARN_BOOL_CONVERSION = YES;
				CLANG_WARN_CONSTANT_CONVERSION = YES;
				CLANG_WARN_DIRECT_OBJC_ISA_USAGE = YES_ERROR;
				CLANG_WARN_EMPTY_BODY = YES;
				CLANG_WARN_ENUM_CONVERSION = YES;
				CLANG_WARN_INT_CONVERSION = YES;
				CLANG_WARN_OBJC_ROOT_CLASS = YES_ERROR;
				CLANG_WARN__DUPLICATE_METHOD_MATCH = YES;
				"CODE_SIGN_IDENTITY[sdk=iphoneos*]" = "iPhone Developer";
				COPY_PHASE_STRIP = YES;
				ENABLE_NS_ASSERTIONS = NO;
				GCC_C_LANGUAGE_STANDARD = gnu99;
				GCC_WARN_64_TO_32_BIT_CONVERSION = YES;
				GCC_WARN_ABOUT_RETURN_TYPE = YES_ERROR;
				GCC_WARN_UNDECLARED_SELECTOR = YES;
				GCC_WARN_UNINITIALIZED_AUTOS = YES_AGGRESSIVE;
				GCC_WARN_UNUSED_FUNCTION = YES;
				GCC_WARN_UNUSED_VARIABLE = YES;
				IPHONEOS_DEPLOYMENT_TARGET = 7.1;
				SDKROOT = iphoneos;
				TARGETED_DEVICE_FAMILY = "1,2";
				VALIDATE_PRODUCT = YES;
			};
			name = Release;
		};
		68B5F8AA1AA1A7A300DF621E /* Debug */ = {
			isa = XCBuildConfiguration;
			buildSettings = {
				ASSETCATALOG_COMPILER_APPICON_NAME = AppIcon;
				ASSETCATALOG_COMPILER_LAUNCHIMAGE_NAME = LaunchImage;
				GCC_PRECOMPILE_PREFIX_HEADER = YES;
				GCC_PREFIX_HEADER = "anish/anish-Prefix.pch";
				INFOPLIST_FILE = "anish/anish-Info.plist";
				PRODUCT_NAME = "$(TARGET_NAME)";
				WRAPPER_EXTENSION = app;
			};
			name = Debug;
		};
		68B5F8AB1AA1A7A300DF621E /* Release */ = {
			isa = XCBuildConfiguration;
			buildSettings = {
				ASSETCATALOG_COMPILER_APPICON_NAME = AppIcon;
				ASSETCATALOG_COMPILER_LAUNCHIMAGE_NAME = LaunchImage;
				GCC_PRECOMPILE_PREFIX_HEADER = YES;
				GCC_PREFIX_HEADER = "anish/anish-Prefix.pch";
				INFOPLIST_FILE = "anish/anish-Info.plist";
				PRODUCT_NAME = "$(TARGET_NAME)";
				WRAPPER_EXTENSION = app;
			};
			name = Release;
		};
		68B5F8AD1AA1A7A300DF621E /* Debug */ = {
			isa = XCBuildConfiguration;
			buildSettings = {
				BUNDLE_LOADER = "$(BUILT_PRODUCTS_DIR)/anish.app/anish";
				FRAMEWORK_SEARCH_PATHS = (
					"$(SDKROOT)/Developer/Library/Frameworks",
					"$(inherited)",
					"$(DEVELOPER_FRAMEWORKS_DIR)",
				);
				GCC_PRECOMPILE_PREFIX_HEADER = YES;
				GCC_PREFIX_HEADER = "anish/anish-Prefix.pch";
				GCC_PREPROCESSOR_DEFINITIONS = (
					"DEBUG=1",
					"$(inherited)",
				);
				INFOPLIST_FILE = "anishTests/anishTests-Info.plist";
				PRODUCT_NAME = "$(TARGET_NAME)";
				TEST_HOST = "$(BUNDLE_LOADER)";
				WRAPPER_EXTENSION = xctest;
			};
			name = Debug;
		};
		68B5F8AE1AA1A7A300DF621E /* Release */ = {
			isa = XCBuildConfiguration;
			buildSettings = {
				BUNDLE_LOADER = "$(BUILT_PRODUCTS_DIR)/anish.app/anish";
				FRAMEWORK_SEARCH_PATHS = (
					"$(SDKROOT)/Developer/Library/Frameworks",
					"$(inherited)",
					"$(DEVELOPER_FRAMEWORKS_DIR)",
				);
				GCC_PRECOMPILE_PREFIX_HEADER = YES;
				GCC_PREFIX_HEADER = "anish/anish-Prefix.pch";
				INFOPLIST_FILE = "anishTests/anishTests-Info.plist";
				PRODUCT_NAME = "$(TARGET_NAME)";
				TEST_HOST = "$(BUNDLE_LOADER)";
				WRAPPER_EXTENSION = xctest;
			};
			name = Release;
		};
/* End XCBuildConfiguration section */

/* Begin XCConfigurationList section */
		68B5F86F1AA1A7A300DF621E /* Build configuration list for PBXProject "anish" */ = {
			isa = XCConfigurationList;
			buildConfigurations = (
				68B5F8A71AA1A7A300DF621E /* Debug */,
				68B5F8A81AA1A7A300DF621E /* Release */,
			);
			defaultConfigurationIsVisible = 0;
			defaultConfigurationName = Release;
		};
		68B5F8A91AA1A7A300DF621E /* Build configuration list for PBXNativeTarget "anish" */ = {
			isa = XCConfigurationList;
			buildConfigurations = (
				68B5F8AA1AA1A7A300DF621E /* Debug */,
				68B5F8AB1AA1A7A300DF621E /* Release */,
			);
			defaultConfigurationIsVisible = 0;
		};
		68B5F8AC1AA1A7A300DF621E /* Build configuration list for PBXNativeTarget "anishTests" */ = {
			isa = XCConfigurationList;
			buildConfigurations = (
				68B5F8AD1AA1A7A300DF621E /* Debug */,
				68B5F8AE1AA1A7A300DF621E /* Release */,
			);
			defaultConfigurationIsVisible = 0;
		};
/* End XCConfigurationList section */
	};
	rootObject = 68B5F86C1AA1A7A300DF621E /* Project object */;
}
